github.com/ebitengine/purego v0.10.2 h1:W809HbnvzAxgdm+aOvlSekrM16wGCdT/e76+9tS7gzE=
github.com/ebitengine/purego v0.10.2/go.mod h1:iIjxzd6CiRiOG0UyXP+V1+jWqUXVjPKLAI0mRfJZTmQ=
github.com/go-images/depth v0.4.0 h1:Fy9+Q8c1eJeET4Vmjhfn86xpIWYXlxrSDWnhPSCBzNE=
github.com/go-images/depth v0.4.0/go.mod h1:3bnNLvc5kQ9q2Ep6jUhciMXP8gXPbjtMmOLefsCWw8M=
github.com/go-macos/coreml v0.1.0 h1:vzIqix5/2V9fXT6psX56wJnFR0olrXllZ5L2bgw6dIA=
github.com/go-macos/coreml v0.1.0/go.mod h1:fzohkuw/D3qvM+1BkjRmfYLrFYCw5zjpzIR0wNcX6SA=
github.com/go-macos/metal v0.1.0 h1:3giY1/2m5Z6Px2qfKP3zSA4wMk5oE9OtPajae2Erc9s=
github.com/go-macos/metal v0.1.0/go.mod h1:OWBxTf+oac2xxRj0+pehRsWo2yDqnEWpSyWmqBEOMlQ=
github.com/go-macos/objc v0.9.1 h1:GGBoj8aMijBCYNPjGAYS4neeA3lWa8/JEIF1K5GswDo=
github.com/go-macos/objc v0.9.1/go.mod h1:00GJyieLzPcb65rPLVWNPPUCVm79nmmiEXUDsslRpOs=
