github.com/ebitengine/purego v0.11.1 h1:2zpWRSQNVKN4eKsKO9eM1ILDgWfYMY9GwqRmK6XeQ/0=
github.com/ebitengine/purego v0.11.1/go.mod h1:DCHPP08djqhNSoTfImcnHYQRZmd0qhakvrozqaEYhGQ=
github.com/go-images/depth v0.5.0 h1:zRi3+gERBqJ6ahJtJXurYbdmRkRGMQbqKIRg/HiPL/0=
github.com/go-images/depth v0.5.0/go.mod h1:HRbR7c71admYRrKzEJdDFtV4Ftto+GFUN55ehka1TPM=
github.com/go-macos/coreml v0.3.0 h1:mjPjbmLs04P3gcSJjl5g/56vmLcVF2/EZcsVC/I+bL4=
github.com/go-macos/coreml v0.3.0/go.mod h1:q/3mlZatF2e+Jv8LyeN3sJw6E3iHKtsROl/fZmGhsYk=
github.com/go-macos/metal v0.3.0 h1:GEEv+ur1d+gzbYB83/1Nn/ET/3o28zDDFk9Eijkz0o8=
github.com/go-macos/metal v0.3.0/go.mod h1:oKJWRz0uQl/THo2tvPjGnpC+80rr6iT2wD4NOTv5Jwc=
github.com/go-macos/objc v0.10.2 h1:WX8CsDT6SbDrIT2wHAZEQBhGcpKR750llRS4oAfX9ww=
github.com/go-macos/objc v0.10.2/go.mod h1:68hzSUlhg5bFbg1kO0z4DM6xOk4B/IofuxdlyhHHtt8=
